{
  "requires": true,
  "lockfileVersion": 1,
  "dependencies": {
    "cosf": {
      "version": "1.0.6",
      "resolved": "https://registry.npmjs.org/cosf/-/cosf-1.0.6.tgz",
      "integrity": "sha1-3O7cprzuSR5m8SPtM92KwKiQXmw=",
      "requires": {
        "custom-radix": "^1.0.4"
      }
    },
    "custom-radix": {
      "version": "1.0.4",
      "resolved": "https://registry.npmjs.org/custom-radix/-/custom-radix-1.0.4.tgz",
      "integrity": "sha1-bR+wcPcMp3Ce8Iv1PDM/vPKvMaQ="
    },
    "mass-random": {
      "version": "1.1.7",
      "resolved": "https://registry.npmjs.org/mass-random/-/mass-random-1.1.7.tgz",
      "integrity": "sha1-fz+1nKkg91fXWLOUI0mN7aT9LtU="
    },
    "mime-db": {
      "version": "1.43.0",
      "resolved": "https://registry.npmjs.org/mime-db/-/mime-db-1.43.0.tgz",
      "integrity": "sha512-+5dsGEEovYbT8UY9yD7eE4XTc4UwJ1jBYlgaQQF38ENsKR3wj/8q8RFZrF9WIZpB2V1ArTVFUva8sAul1NzRzQ=="
    },
    "mime-types": {
      "version": "2.1.26",
      "resolved": "https://registry.npmjs.org/mime-types/-/mime-types-2.1.26.tgz",
      "integrity": "sha512-01paPWYgLrkqAyrlDorC1uDwl2p3qZT7yl806vW7DvDoxwXi46jsjFbg+WdwotBIk6/MbEhO/dh5aZ5sNj/dWQ==",
      "requires": {
        "mime-db": "1.43.0"
      }
    },
    "passer": {
      "version": "2.2.1",
      "resolved": "https://registry.npmjs.org/passer/-/passer-2.2.1.tgz",
      "integrity": "sha512-Iwp8MetMjnmZFP46bumA53qd49i+Zhwm+JqM9sFgQmUdBVOUknNz1YIgQt7R8EtRjU30WHgJ0eK6sHZG7SwF+g==",
      "requires": {
        "cosf": "^1.0.5",
        "mass-random": "^1.1.4",
        "mime-types": "^2.1.26"
      }
    }
  }
}
